// !$*UTF8*$!
{
	archiveVersion = 1;
	classes = {
	};
	objectVersion = 56;
	objects = {

/* Begin PBXBuildFile section */
		4C2ED0BC2A7444CD00A4B683 /* EnduranceEntryBoxView.swift in Sources */ = {isa = PBXBuildFile; fileRef = 4C2ED0BB2A7444CD00A4B683 /* EnduranceEntryBoxView.swift */; };
		4C2ED0BE2A74512E00A4B683 /* ChooseDataEntryView.swift in Sources */ = {isa = PBXBuildFile; fileRef = 4C2ED0BD2A74512E00A4B683 /* ChooseDataEntryView.swift */; };
		4C35AF9D2A1CFBC500DA3204 /* StatisticsSceneView.swift in Sources */ = {isa = PBXBuildFile; fileRef = 4C35AF9C2A1CFBC500DA3204 /* StatisticsSceneView.swift */; };
		4C373C7A2A66B265008AD251 /* SettingsView.swift in Sources */ = {isa = PBXBuildFile; fileRef = 4C373C792A66B265008AD251 /* SettingsView.swift */; };
		4C57DA702A7D20CE00858186 /* WorkoutListPicker.swift in Sources */ = {isa = PBXBuildFile; fileRef = 4C57DA6F2A7D20CE00858186 /* WorkoutListPicker.swift */; };
		4C767D842AA21044009084CE /* GroupBoxStyles.swift in Sources */ = {isa = PBXBuildFile; fileRef = 4C767D832AA21044009084CE /* GroupBoxStyles.swift */; };
		4C7F67D42A76B27300199171 /* WorkoutEntryHeaderView.swift in Sources */ = {isa = PBXBuildFile; fileRef = 4C7F67D32A76B27300199171 /* WorkoutEntryHeaderView.swift */; };
		4C7F67DA2A76C03C00199171 /* SelectedBorderShape.swift in Sources */ = {isa = PBXBuildFile; fileRef = 4C7F67D92A76C03C00199171 /* SelectedBorderShape.swift */; };
		4C81AADF2A051BEA0095D519 /* OpenFitnessTrackerApp.swift in Sources */ = {isa = PBXBuildFile; fileRef = 4C81AADE2A051BEA0095D519 /* OpenFitnessTrackerApp.swift */; };
		4C81AAE12A051BEA0095D519 /* ContentView.swift in Sources */ = {isa = PBXBuildFile; fileRef = 4C81AAE02A051BEA0095D519 /* ContentView.swift */; };
		4C81AAE32A051BEB0095D519 /* Assets.xcassets in Resources */ = {isa = PBXBuildFile; fileRef = 4C81AAE22A051BEB0095D519 /* Assets.xcassets */; };
		4C81AAE62A051BEB0095D519 /* Preview Assets.xcassets in Resources */ = {isa = PBXBuildFile; fileRef = 4C81AAE52A051BEB0095D519 /* Preview Assets.xcassets */; };
		4C81AAF02A051BEB0095D519 /* OpenFitnessTrackerTests.swift in Sources */ = {isa = PBXBuildFile; fileRef = 4C81AAEF2A051BEB0095D519 /* OpenFitnessTrackerTests.swift */; };
		4C81AAFA2A051BEB0095D519 /* OpenFitnessTrackerUITests.swift in Sources */ = {isa = PBXBuildFile; fileRef = 4C81AAF92A051BEB0095D519 /* OpenFitnessTrackerUITests.swift */; };
		4C81AAFC2A051BEB0095D519 /* OpenFitnessTrackerUITestsLaunchTests.swift in Sources */ = {isa = PBXBuildFile; fileRef = 4C81AAFB2A051BEB0095D519 /* OpenFitnessTrackerUITestsLaunchTests.swift */; };
		4CAEF2002A866B1700D3A275 /* FrequencyStatisticView.swift in Sources */ = {isa = PBXBuildFile; fileRef = 4CAEF1FF2A866B1700D3A275 /* FrequencyStatisticView.swift */; };
		4CAEF2022A87FBD000D3A275 /* DetailStrengthStatisticsView.swift in Sources */ = {isa = PBXBuildFile; fileRef = 4CAEF2012A87FBD000D3A275 /* DetailStrengthStatisticsView.swift */; };
		4CAEF2042A87FBE200D3A275 /* DetailEnduranceStatisticsView.swift in Sources */ = {isa = PBXBuildFile; fileRef = 4CAEF2032A87FBE200D3A275 /* DetailEnduranceStatisticsView.swift */; };
		4CB2D0CC2A7440EF00778593 /* SettingsDataStructs.swift in Sources */ = {isa = PBXBuildFile; fileRef = 4CB2D0CB2A7440EF00778593 /* SettingsDataStructs.swift */; };
		4CB2D0CD2A74419D00778593 /* StrengthEntryBoxView.swift in Sources */ = {isa = PBXBuildFile; fileRef = 4CA7AB922A72898B0073FE31 /* StrengthEntryBoxView.swift */; };
		4CDD84C82A29FB9100F229CF /* StrengthWorkoutEntryView.swift in Sources */ = {isa = PBXBuildFile; fileRef = 4CDD84C72A29FB9100F229CF /* StrengthWorkoutEntryView.swift */; };
		4CE241232A1DFD3F006080B3 /* WorkoutInputSceneView.swift in Sources */ = {isa = PBXBuildFile; fileRef = 4CE241222A1DFD3F006080B3 /* WorkoutInputSceneView.swift */; };
		4CE241252A1DFD72006080B3 /* ViewModel.swift in Sources */ = {isa = PBXBuildFile; fileRef = 4CE241242A1DFD72006080B3 /* ViewModel.swift */; };
		4CE241282A1E024B006080B3 /* WorkoutDataStructs.swift in Sources */ = {isa = PBXBuildFile; fileRef = 4CE241272A1E024B006080B3 /* WorkoutDataStructs.swift */; };
		4CE9D3EC2A740E7900942190 /* EnduranceWorkoutEntryView.swift in Sources */ = {isa = PBXBuildFile; fileRef = 4CE9D3EB2A740E7900942190 /* EnduranceWorkoutEntryView.swift */; };
/* End PBXBuildFile section */

/* Begin PBXContainerItemProxy section */
		4C81AAEC2A051BEB0095D519 /* PBXContainerItemProxy */ = {
			isa = PBXContainerItemProxy;
			containerPortal = 4C81AAD32A051BEA0095D519 /* Project object */;
			proxyType = 1;
			remoteGlobalIDString = 4C81AADA2A051BEA0095D519;
			remoteInfo = OpenFitnessTracker;
		};
		4C81AAF62A051BEB0095D519 /* PBXContainerItemProxy */ = {
			isa = PBXContainerItemProxy;
			containerPortal = 4C81AAD32A051BEA0095D519 /* Project object */;
			proxyType = 1;
			remoteGlobalIDString = 4C81AADA2A051BEA0095D519;
			remoteInfo = OpenFitnessTracker;
		};
/* End PBXContainerItemProxy section */

/* Begin PBXFileReference section */
		4C2ED0BB2A7444CD00A4B683 /* EnduranceEntryBoxView.swift */ = {isa = PBXFileReference; lastKnownFileType = sourcecode.swift; path = EnduranceEntryBoxView.swift; sourceTree = "<group>"; };
		4C2ED0BD2A74512E00A4B683 /* ChooseDataEntryView.swift */ = {isa = PBXFileReference; lastKnownFileType = sourcecode.swift; path = ChooseDataEntryView.swift; sourceTree = "<group>"; };
		4C35AF9C2A1CFBC500DA3204 /* StatisticsSceneView.swift */ = {isa = PBXFileReference; lastKnownFileType = sourcecode.swift; path = StatisticsSceneView.swift; sourceTree = "<group>"; };
		4C373C792A66B265008AD251 /* SettingsView.swift */ = {isa = PBXFileReference; lastKnownFileType = sourcecode.swift; path = SettingsView.swift; sourceTree = "<group>"; };
		4C57DA6F2A7D20CE00858186 /* WorkoutListPicker.swift */ = {isa = PBXFileReference; lastKnownFileType = sourcecode.swift; path = WorkoutListPicker.swift; sourceTree = "<group>"; };
		4C767D832AA21044009084CE /* GroupBoxStyles.swift */ = {isa = PBXFileReference; lastKnownFileType = sourcecode.swift; path = GroupBoxStyles.swift; sourceTree = "<group>"; };
		4C7F67D22A76B24600199171 /* README.md */ = {isa = PBXFileReference; lastKnownFileType = net.daringfireball.markdown; path = README.md; sourceTree = "<group>"; };
		4C7F67D32A76B27300199171 /* WorkoutEntryHeaderView.swift */ = {isa = PBXFileReference; lastKnownFileType = sourcecode.swift; path = WorkoutEntryHeaderView.swift; sourceTree = "<group>"; };
		4C7F67D52A76B3C400199171 /* LICENSE */ = {isa = PBXFileReference; lastKnownFileType = text; path = LICENSE; sourceTree = "<group>"; };
		4C7F67D92A76C03C00199171 /* SelectedBorderShape.swift */ = {isa = PBXFileReference; lastKnownFileType = sourcecode.swift; path = SelectedBorderShape.swift; sourceTree = "<group>"; };
		4C81AADB2A051BEA0095D519 /* OpenFitnessTracker.app */ = {isa = PBXFileReference; explicitFileType = wrapper.application; includeInIndex = 0; path = OpenFitnessTracker.app; sourceTree = BUILT_PRODUCTS_DIR; };
		4C81AADE2A051BEA0095D519 /* OpenFitnessTrackerApp.swift */ = {isa = PBXFileReference; lastKnownFileType = sourcecode.swift; path = OpenFitnessTrackerApp.swift; sourceTree = "<group>"; };
		4C81AAE02A051BEA0095D519 /* ContentView.swift */ = {isa = PBXFileReference; lastKnownFileType = sourcecode.swift; path = ContentView.swift; sourceTree = "<group>"; };
		4C81AAE22A051BEB0095D519 /* Assets.xcassets */ = {isa = PBXFileReference; lastKnownFileType = folder.assetcatalog; path = Assets.xcassets; sourceTree = "<group>"; };
		4C81AAE52A051BEB0095D519 /* Preview Assets.xcassets */ = {isa = PBXFileReference; lastKnownFileType = folder.assetcatalog; path = "Preview Assets.xcassets"; sourceTree = "<group>"; };
		4C81AAEB2A051BEB0095D519 /* OpenFitnessTrackerTests.xctest */ = {isa = PBXFileReference; explicitFileType = wrapper.cfbundle; includeInIndex = 0; path = OpenFitnessTrackerTests.xctest; sourceTree = BUILT_PRODUCTS_DIR; };
		4C81AAEF2A051BEB0095D519 /* OpenFitnessTrackerTests.swift */ = {isa = PBXFileReference; lastKnownFileType = sourcecode.swift; path = OpenFitnessTrackerTests.swift; sourceTree = "<group>"; };
		4C81AAF52A051BEB0095D519 /* OpenFitnessTrackerUITests.xctest */ = {isa = PBXFileReference; explicitFileType = wrapper.cfbundle; includeInIndex = 0; path = OpenFitnessTrackerUITests.xctest; sourceTree = BUILT_PRODUCTS_DIR; };
		4C81AAF92A051BEB0095D519 /* OpenFitnessTrackerUITests.swift */ = {isa = PBXFileReference; lastKnownFileType = sourcecode.swift; path = OpenFitnessTrackerUITests.swift; sourceTree = "<group>"; };
		4C81AAFB2A051BEB0095D519 /* OpenFitnessTrackerUITestsLaunchTests.swift */ = {isa = PBXFileReference; lastKnownFileType = sourcecode.swift; path = OpenFitnessTrackerUITestsLaunchTests.swift; sourceTree = "<group>"; };
		4CA7AB922A72898B0073FE31 /* StrengthEntryBoxView.swift */ = {isa = PBXFileReference; lastKnownFileType = sourcecode.swift; path = StrengthEntryBoxView.swift; sourceTree = "<group>"; };
		4CAEF1FF2A866B1700D3A275 /* FrequencyStatisticView.swift */ = {isa = PBXFileReference; lastKnownFileType = sourcecode.swift; path = FrequencyStatisticView.swift; sourceTree = "<group>"; };
		4CAEF2012A87FBD000D3A275 /* DetailStrengthStatisticsView.swift */ = {isa = PBXFileReference; lastKnownFileType = sourcecode.swift; path = DetailStrengthStatisticsView.swift; sourceTree = "<group>"; };
		4CAEF2032A87FBE200D3A275 /* DetailEnduranceStatisticsView.swift */ = {isa = PBXFileReference; lastKnownFileType = sourcecode.swift; path = DetailEnduranceStatisticsView.swift; sourceTree = "<group>"; };
		4CB2D0CB2A7440EF00778593 /* SettingsDataStructs.swift */ = {isa = PBXFileReference; lastKnownFileType = sourcecode.swift; path = SettingsDataStructs.swift; sourceTree = "<group>"; };
		4CDD84C72A29FB9100F229CF /* StrengthWorkoutEntryView.swift */ = {isa = PBXFileReference; lastKnownFileType = sourcecode.swift; path = StrengthWorkoutEntryView.swift; sourceTree = "<group>"; };
		4CE241222A1DFD3F006080B3 /* WorkoutInputSceneView.swift */ = {isa = PBXFileReference; lastKnownFileType = sourcecode.swift; path = WorkoutInputSceneView.swift; sourceTree = "<group>"; };
		4CE241242A1DFD72006080B3 /* ViewModel.swift */ = {isa = PBXFileReference; lastKnownFileType = sourcecode.swift; path = ViewModel.swift; sourceTree = "<group>"; };
		4CE241272A1E024B006080B3 /* WorkoutDataStructs.swift */ = {isa = PBXFileReference; lastKnownFileType = sourcecode.swift; path = WorkoutDataStructs.swift; sourceTree = "<group>"; };
		4CE9D3EB2A740E7900942190 /* EnduranceWorkoutEntryView.swift */ = {isa = PBXFileReference; lastKnownFileType = sourcecode.swift; path = EnduranceWorkoutEntryView.swift; sourceTree = "<group>"; };
/* End PBXFileReference section */

/* Begin PBXFrameworksBuildPhase section */
		4C81AAD82A051BEA0095D519 /* Frameworks */ = {
			isa = PBXFrameworksBuildPhase;
			buildActionMask = 2147483647;
			files = (
			);
			runOnlyForDeploymentPostprocessing = 0;
		};
		4C81AAE82A051BEB0095D519 /* Frameworks */ = {
			isa = PBXFrameworksBuildPhase;
			buildActionMask = 2147483647;
			files = (
			);
			runOnlyForDeploymentPostprocessing = 0;
		};
		4C81AAF22A051BEB0095D519 /* Frameworks */ = {
			isa = PBXFrameworksBuildPhase;
			buildActionMask = 2147483647;
			files = (
			);
			runOnlyForDeploymentPostprocessing = 0;
		};
/* End PBXFrameworksBuildPhase section */

/* Begin PBXGroup section */
		4C35AF9B2A1CFBB000DA3204 /* Scenes */ = {
			isa = PBXGroup;
			children = (
				4CE9D3ED2A740EA900942190 /* DataEntry */,
				4C35AF9C2A1CFBC500DA3204 /* StatisticsSceneView.swift */,
				4CE241222A1DFD3F006080B3 /* WorkoutInputSceneView.swift */,
				4C373C792A66B265008AD251 /* SettingsView.swift */,
			);
			path = Scenes;
			sourceTree = "<group>";
		};
		4C767D822AA2102D009084CE /* Styles */ = {
			isa = PBXGroup;
			children = (
				4C767D832AA21044009084CE /* GroupBoxStyles.swift */,
			);
			path = Styles;
			sourceTree = "<group>";
		};
		4C7F67D82A76C02C00199171 /* Shapes */ = {
			isa = PBXGroup;
			children = (
				4C7F67D92A76C03C00199171 /* SelectedBorderShape.swift */,
			);
			path = Shapes;
			sourceTree = "<group>";
		};
		4C81AAD22A051BEA0095D519 = {
			isa = PBXGroup;
			children = (
				4C7F67D52A76B3C400199171 /* LICENSE */,
				4C7F67D22A76B24600199171 /* README.md */,
				4C81AADD2A051BEA0095D519 /* OpenFitnessTracker */,
				4C81AAEE2A051BEB0095D519 /* OpenFitnessTrackerTests */,
				4C81AAF82A051BEB0095D519 /* OpenFitnessTrackerUITests */,
				4C81AADC2A051BEA0095D519 /* Products */,
			);
			sourceTree = "<group>";
		};
		4C81AADC2A051BEA0095D519 /* Products */ = {
			isa = PBXGroup;
			children = (
				4C81AADB2A051BEA0095D519 /* OpenFitnessTracker.app */,
				4C81AAEB2A051BEB0095D519 /* OpenFitnessTrackerTests.xctest */,
				4C81AAF52A051BEB0095D519 /* OpenFitnessTrackerUITests.xctest */,
			);
			name = Products;
			sourceTree = "<group>";
		};
		4C81AADD2A051BEA0095D519 /* OpenFitnessTracker */ = {
			isa = PBXGroup;
			children = (
				4C767D822AA2102D009084CE /* Styles */,
				4C7F67D82A76C02C00199171 /* Shapes */,
				4CE241292A1E06D1006080B3 /* UiElements */,
				4CE241262A1E00F5006080B3 /* DataManagement */,
				4C35AF9B2A1CFBB000DA3204 /* Scenes */,
				4C81AADE2A051BEA0095D519 /* OpenFitnessTrackerApp.swift */,
				4C81AAE02A051BEA0095D519 /* ContentView.swift */,
				4C81AAE22A051BEB0095D519 /* Assets.xcassets */,
				4C81AAE42A051BEB0095D519 /* Preview Content */,
			);
			path = OpenFitnessTracker;
			sourceTree = "<group>";
		};
		4C81AAE42A051BEB0095D519 /* Preview Content */ = {
			isa = PBXGroup;
			children = (
				4C81AAE52A051BEB0095D519 /* Preview Assets.xcassets */,
			);
			path = "Preview Content";
			sourceTree = "<group>";
		};
		4C81AAEE2A051BEB0095D519 /* OpenFitnessTrackerTests */ = {
			isa = PBXGroup;
			children = (
				4C81AAEF2A051BEB0095D519 /* OpenFitnessTrackerTests.swift */,
			);
			path = OpenFitnessTrackerTests;
			sourceTree = "<group>";
		};
		4C81AAF82A051BEB0095D519 /* OpenFitnessTrackerUITests */ = {
			isa = PBXGroup;
			children = (
				4C81AAF92A051BEB0095D519 /* OpenFitnessTrackerUITests.swift */,
				4C81AAFB2A051BEB0095D519 /* OpenFitnessTrackerUITestsLaunchTests.swift */,
			);
			path = OpenFitnessTrackerUITests;
			sourceTree = "<group>";
		};
		4CAEF1FE2A865CB000D3A275 /* Statistics */ = {
			isa = PBXGroup;
			children = (
				4CAEF1FF2A866B1700D3A275 /* FrequencyStatisticView.swift */,
				4CAEF2012A87FBD000D3A275 /* DetailStrengthStatisticsView.swift */,
				4CAEF2032A87FBE200D3A275 /* DetailEnduranceStatisticsView.swift */,
			);
			path = Statistics;
			sourceTree = "<group>";
		};
		4CE241262A1E00F5006080B3 /* DataManagement */ = {
			isa = PBXGroup;
			children = (
				4CE241242A1DFD72006080B3 /* ViewModel.swift */,
				4CE241272A1E024B006080B3 /* WorkoutDataStructs.swift */,
				4CB2D0CB2A7440EF00778593 /* SettingsDataStructs.swift */,
			);
			path = DataManagement;
			sourceTree = "<group>";
		};
		4CE241292A1E06D1006080B3 /* UiElements */ = {
			isa = PBXGroup;
			children = (
				4CAEF1FE2A865CB000D3A275 /* Statistics */,
				4CA7AB922A72898B0073FE31 /* StrengthEntryBoxView.swift */,
				4C2ED0BB2A7444CD00A4B683 /* EnduranceEntryBoxView.swift */,
				4C7F67D32A76B27300199171 /* WorkoutEntryHeaderView.swift */,
				4C57DA6F2A7D20CE00858186 /* WorkoutListPicker.swift */,
			);
			path = UiElements;
			sourceTree = "<group>";
		};
		4CE9D3ED2A740EA900942190 /* DataEntry */ = {
			isa = PBXGroup;
			children = (
				4CDD84C72A29FB9100F229CF /* StrengthWorkoutEntryView.swift */,
				4CE9D3EB2A740E7900942190 /* EnduranceWorkoutEntryView.swift */,
				4C2ED0BD2A74512E00A4B683 /* ChooseDataEntryView.swift */,
			);
			path = DataEntry;
			sourceTree = "<group>";
		};
/* End PBXGroup section */

/* Begin PBXNativeTarget section */
		4C81AADA2A051BEA0095D519 /* OpenFitnessTracker */ = {
			isa = PBXNativeTarget;
			buildConfigurationList = 4C81AAFF2A051BEB0095D519 /* Build configuration list for PBXNativeTarget "OpenFitnessTracker" */;
			buildPhases = (
				4C81AAD72A051BEA0095D519 /* Sources */,
				4C81AAD82A051BEA0095D519 /* Frameworks */,
				4C81AAD92A051BEA0095D519 /* Resources */,
			);
			buildRules = (
			);
			dependencies = (
			);
			name = OpenFitnessTracker;
			productName = OpenFitnessTracker;
			productReference = 4C81AADB2A051BEA0095D519 /* OpenFitnessTracker.app */;
			productType = "com.apple.product-type.application";
		};
		4C81AAEA2A051BEB0095D519 /* OpenFitnessTrackerTests */ = {
			isa = PBXNativeTarget;
			buildConfigurationList = 4C81AB022A051BEB0095D519 /* Build configuration list for PBXNativeTarget "OpenFitnessTrackerTests" */;
			buildPhases = (
				4C81AAE72A051BEB0095D519 /* Sources */,
				4C81AAE82A051BEB0095D519 /* Frameworks */,
				4C81AAE92A051BEB0095D519 /* Resources */,
			);
			buildRules = (
			);
			dependencies = (
				4C81AAED2A051BEB0095D519 /* PBXTargetDependency */,
			);
			name = OpenFitnessTrackerTests;
			productName = OpenFitnessTrackerTests;
			productReference = 4C81AAEB2A051BEB0095D519 /* OpenFitnessTrackerTests.xctest */;
			productType = "com.apple.product-type.bundle.unit-test";
		};
		4C81AAF42A051BEB0095D519 /* OpenFitnessTrackerUITests */ = {
			isa = PBXNativeTarget;
			buildConfigurationList = 4C81AB052A051BEB0095D519 /* Build configuration list for PBXNativeTarget "OpenFitnessTrackerUITests" */;
			buildPhases = (
				4C81AAF12A051BEB0095D519 /* Sources */,
				4C81AAF22A051BEB0095D519 /* Frameworks */,
				4C81AAF32A051BEB0095D519 /* Resources */,
			);
			buildRules = (
			);
			dependencies = (
				4C81AAF72A051BEB0095D519 /* PBXTargetDependency */,
			);
			name = OpenFitnessTrackerUITests;
			productName = OpenFitnessTrackerUITests;
			productReference = 4C81AAF52A051BEB0095D519 /* OpenFitnessTrackerUITests.xctest */;
			productType = "com.apple.product-type.bundle.ui-testing";
		};
/* End PBXNativeTarget section */

/* Begin PBXProject section */
		4C81AAD32A051BEA0095D519 /* Project object */ = {
			isa = PBXProject;
			attributes = {
				BuildIndependentTargetsInParallel = 1;
				LastSwiftUpdateCheck = 1420;
				LastUpgradeCheck = 1420;
				TargetAttributes = {
					4C81AADA2A051BEA0095D519 = {
						CreatedOnToolsVersion = 14.2;
					};
					4C81AAEA2A051BEB0095D519 = {
						CreatedOnToolsVersion = 14.2;
						TestTargetID = 4C81AADA2A051BEA0095D519;
					};
					4C81AAF42A051BEB0095D519 = {
						CreatedOnToolsVersion = 14.2;
						TestTargetID = 4C81AADA2A051BEA0095D519;
					};
				};
			};
			buildConfigurationList = 4C81AAD62A051BEA0095D519 /* Build configuration list for PBXProject "OpenFitnessTracker" */;
			compatibilityVersion = "Xcode 14.0";
			developmentRegion = en;
			hasScannedForEncodings = 0;
			knownRegions = (
				en,
				Base,
			);
			mainGroup = 4C81AAD22A051BEA0095D519;
			productRefGroup = 4C81AADC2A051BEA0095D519 /* Products */;
			projectDirPath = "";
			projectRoot = "";
			targets = (
				4C81AADA2A051BEA0095D519 /* OpenFitnessTracker */,
				4C81AAEA2A051BEB0095D519 /* OpenFitnessTrackerTests */,
				4C81AAF42A051BEB0095D519 /* OpenFitnessTrackerUITests */,
			);
		};
/* End PBXProject section */

/* Begin PBXResourcesBuildPhase section */
		4C81AAD92A051BEA0095D519 /* Resources */ = {
			isa = PBXResourcesBuildPhase;
			buildActionMask = 2147483647;
			files = (
				4C81AAE62A051BEB0095D519 /* Preview Assets.xcassets in Resources */,
				4C81AAE32A051BEB0095D519 /* Assets.xcassets in Resources */,
			);
			runOnlyForDeploymentPostprocessing = 0;
		};
		4C81AAE92A051BEB0095D519 /* Resources */ = {
			isa = PBXResourcesBuildPhase;
			buildActionMask = 2147483647;
			files = (
			);
			runOnlyForDeploymentPostprocessing = 0;
		};
		4C81AAF32A051BEB0095D519 /* Resources */ = {
			isa = PBXResourcesBuildPhase;
			buildActionMask = 2147483647;
			files = (
			);
			runOnlyForDeploymentPostprocessing = 0;
		};
/* End PBXResourcesBuildPhase section */

/* Begin PBXSourcesBuildPhase section */
		4C81AAD72A051BEA0095D519 /* Sources */ = {
			isa = PBXSourcesBuildPhase;
			buildActionMask = 2147483647;
			files = (
				4CB2D0CC2A7440EF00778593 /* SettingsDataStructs.swift in Sources */,
				4CE241282A1E024B006080B3 /* WorkoutDataStructs.swift in Sources */,
				4C373C7A2A66B265008AD251 /* SettingsView.swift in Sources */,
				4CE241252A1DFD72006080B3 /* ViewModel.swift in Sources */,
				4C81AAE12A051BEA0095D519 /* ContentView.swift in Sources */,
				4C81AADF2A051BEA0095D519 /* OpenFitnessTrackerApp.swift in Sources */,
				4CAEF2042A87FBE200D3A275 /* DetailEnduranceStatisticsView.swift in Sources */,
				4C2ED0BE2A74512E00A4B683 /* ChooseDataEntryView.swift in Sources */,
				4C57DA702A7D20CE00858186 /* WorkoutListPicker.swift in Sources */,
				4CE9D3EC2A740E7900942190 /* EnduranceWorkoutEntryView.swift in Sources */,
				4C7F67D42A76B27300199171 /* WorkoutEntryHeaderView.swift in Sources */,
				4CE241232A1DFD3F006080B3 /* WorkoutInputSceneView.swift in Sources */,
				4CAEF2022A87FBD000D3A275 /* DetailStrengthStatisticsView.swift in Sources */,
				4C767D842AA21044009084CE /* GroupBoxStyles.swift in Sources */,
				4C7F67DA2A76C03C00199171 /* SelectedBorderShape.swift in Sources */,
				4CDD84C82A29FB9100F229CF /* StrengthWorkoutEntryView.swift in Sources */,
				4C2ED0BC2A7444CD00A4B683 /* EnduranceEntryBoxView.swift in Sources */,
				4C35AF9D2A1CFBC500DA3204 /* StatisticsSceneView.swift in Sources */,
				4CAEF2002A866B1700D3A275 /* FrequencyStatisticView.swift in Sources */,
				4CB2D0CD2A74419D00778593 /* StrengthEntryBoxView.swift in Sources */,
			);
			runOnlyForDeploymentPostprocessing = 0;
		};
		4C81AAE72A051BEB0095D519 /* Sources */ = {
			isa = PBXSourcesBuildPhase;
			buildActionMask = 2147483647;
			files = (
				4C81AAF02A051BEB0095D519 /* OpenFitnessTrackerTests.swift in Sources */,
			);
			runOnlyForDeploymentPostprocessing = 0;
		};
		4C81AAF12A051BEB0095D519 /* Sources */ = {
			isa = PBXSourcesBuildPhase;
			buildActionMask = 2147483647;
			files = (
				4C81AAFC2A051BEB0095D519 /* OpenFitnessTrackerUITestsLaunchTests.swift in Sources */,
				4C81AAFA2A051BEB0095D519 /* OpenFitnessTrackerUITests.swift in Sources */,
			);
			runOnlyForDeploymentPostprocessing = 0;
		};
/* End PBXSourcesBuildPhase section */

/* Begin PBXTargetDependency section */
		4C81AAED2A051BEB0095D519 /* PBXTargetDependency */ = {
			isa = PBXTargetDependency;
			target = 4C81AADA2A051BEA0095D519 /* OpenFitnessTracker */;
			targetProxy = 4C81AAEC2A051BEB0095D519 /* PBXContainerItemProxy */;
		};
		4C81AAF72A051BEB0095D519 /* PBXTargetDependency */ = {
			isa = PBXTargetDependency;
			target = 4C81AADA2A051BEA0095D519 /* OpenFitnessTracker */;
			targetProxy = 4C81AAF62A051BEB0095D519 /* PBXContainerItemProxy */;
		};
/* End PBXTargetDependency section */

/* Begin XCBuildConfiguration section */
		4C81AAFD2A051BEB0095D519 /* Debug */ = {
			isa = XCBuildConfiguration;
			buildSettings = {
				ALWAYS_SEARCH_USER_PATHS = NO;
				CLANG_ANALYZER_NONNULL = YES;
				CLANG_ANALYZER_NUMBER_OBJECT_CONVERSION = YES_AGGRESSIVE;
				CLANG_CXX_LANGUAGE_STANDARD = "gnu++20";
				CLANG_ENABLE_MODULES = YES;
				CLANG_ENABLE_OBJC_ARC = YES;
				CLANG_ENABLE_OBJC_WEAK = YES;
				CLANG_WARN_BLOCK_CAPTURE_AUTORELEASING = YES;
				CLANG_WARN_BOOL_CONVERSION = YES;
				CLANG_WARN_COMMA = YES;
				CLANG_WARN_CONSTANT_CONVERSION = YES;
				CLANG_WARN_DEPRECATED_OBJC_IMPLEMENTATIONS = YES;
				CLANG_WARN_DIRECT_OBJC_ISA_USAGE = YES_ERROR;
				CLANG_WARN_DOCUMENTATION_COMMENTS = YES;
				CLANG_WARN_EMPTY_BODY = YES;
				CLANG_WARN_ENUM_CONVERSION = YES;
				CLANG_WARN_INFINITE_RECURSION = YES;
				CLANG_WARN_INT_CONVERSION = YES;
				CLANG_WARN_NON_LITERAL_NULL_CONVERSION = YES;
				CLANG_WARN_OBJC_IMPLICIT_RETAIN_SELF = YES;
				CLANG_WARN_OBJC_LITERAL_CONVERSION = YES;
				CLANG_WARN_OBJC_ROOT_CLASS = YES_ERROR;
				CLANG_WARN_QUOTED_INCLUDE_IN_FRAMEWORK_HEADER = YES;
				CLANG_WARN_RANGE_LOOP_ANALYSIS = YES;
				CLANG_WARN_STRICT_PROTOTYPES = YES;
				CLANG_WARN_SUSPICIOUS_MOVE = YES;
				CLANG_WARN_UNGUARDED_AVAILABILITY = YES_AGGRESSIVE;
				CLANG_WARN_UNREACHABLE_CODE = YES;
				CLANG_WARN__DUPLICATE_METHOD_MATCH = YES;
				COPY_PHASE_STRIP = NO;
				DEBUG_INFORMATION_FORMAT = dwarf;
				ENABLE_STRICT_OBJC_MSGSEND = YES;
				ENABLE_TESTABILITY = YES;
				GCC_C_LANGUAGE_STANDARD = gnu11;
				GCC_DYNAMIC_NO_PIC = NO;
				GCC_NO_COMMON_BLOCKS = YES;
				GCC_OPTIMIZATION_LEVEL = 0;
				GCC_PREPROCESSOR_DEFINITIONS = (
					"DEBUG=1",
					"$(inherited)",
				);
				GCC_WARN_64_TO_32_BIT_CONVERSION = YES;
				GCC_WARN_ABOUT_RETURN_TYPE = YES_ERROR;
				GCC_WARN_UNDECLARED_SELECTOR = YES;
				GCC_WARN_UNINITIALIZED_AUTOS = YES_AGGRESSIVE;
				GCC_WARN_UNUSED_FUNCTION = YES;
				GCC_WARN_UNUSED_VARIABLE = YES;
				IPHONEOS_DEPLOYMENT_TARGET = 16.2;
				MTL_ENABLE_DEBUG_INFO = INCLUDE_SOURCE;
				MTL_FAST_MATH = YES;
				ONLY_ACTIVE_ARCH = YES;
				SDKROOT = iphoneos;
				SWIFT_ACTIVE_COMPILATION_CONDITIONS = DEBUG;
				SWIFT_OPTIMIZATION_LEVEL = "-Onone";
			};
			name = Debug;
		};
		4C81AAFE2A051BEB0095D519 /* Release */ = {
			isa = XCBuildConfiguration;
			buildSettings = {
				ALWAYS_SEARCH_USER_PATHS = NO;
				CLANG_ANALYZER_NONNULL = YES;
				CLANG_ANALYZER_NUMBER_OBJECT_CONVERSION = YES_AGGRESSIVE;
				CLANG_CXX_LANGUAGE_STANDARD = "gnu++20";
				CLANG_ENABLE_MODULES = YES;
				CLANG_ENABLE_OBJC_ARC = YES;
				CLANG_ENABLE_OBJC_WEAK = YES;
				CLANG_WARN_BLOCK_CAPTURE_AUTORELEASING = YES;
				CLANG_WARN_BOOL_CONVERSION = YES;
				CLANG_WARN_COMMA = YES;
				CLANG_WARN_CONSTANT_CONVERSION = YES;
				CLANG_WARN_DEPRECATED_OBJC_IMPLEMENTATIONS = YES;
				CLANG_WARN_DIRECT_OBJC_ISA_USAGE = YES_ERROR;
				CLANG_WARN_DOCUMENTATION_COMMENTS = YES;
				CLANG_WARN_EMPTY_BODY = YES;
				CLANG_WARN_ENUM_CONVERSION = YES;
				CLANG_WARN_INFINITE_RECURSION = YES;
				CLANG_WARN_INT_CONVERSION = YES;
				CLANG_WARN_NON_LITERAL_NULL_CONVERSION = YES;
				CLANG_WARN_OBJC_IMPLICIT_RETAIN_SELF = YES;
				CLANG_WARN_OBJC_LITERAL_CONVERSION = YES;
				CLANG_WARN_OBJC_ROOT_CLASS = YES_ERROR;
				CLANG_WARN_QUOTED_INCLUDE_IN_FRAMEWORK_HEADER = YES;
				CLANG_WARN_RANGE_LOOP_ANALYSIS = YES;
				CLANG_WARN_STRICT_PROTOTYPES = YES;
				CLANG_WARN_SUSPICIOUS_MOVE = YES;
				CLANG_WARN_UNGUARDED_AVAILABILITY = YES_AGGRESSIVE;
				CLANG_WARN_UNREACHABLE_CODE = YES;
				CLANG_WARN__DUPLICATE_METHOD_MATCH = YES;
				COPY_PHASE_STRIP = NO;
				DEBUG_INFORMATION_FORMAT = "dwarf-with-dsym";
				ENABLE_NS_ASSERTIONS = NO;
				ENABLE_STRICT_OBJC_MSGSEND = YES;
				GCC_C_LANGUAGE_STANDARD = gnu11;
				GCC_NO_COMMON_BLOCKS = YES;
				GCC_WARN_64_TO_32_BIT_CONVERSION = YES;
				GCC_WARN_ABOUT_RETURN_TYPE = YES_ERROR;
				GCC_WARN_UNDECLARED_SELECTOR = YES;
				GCC_WARN_UNINITIALIZED_AUTOS = YES_AGGRESSIVE;
				GCC_WARN_UNUSED_FUNCTION = YES;
				GCC_WARN_UNUSED_VARIABLE = YES;
				IPHONEOS_DEPLOYMENT_TARGET = 16.2;
				MTL_ENABLE_DEBUG_INFO = NO;
				MTL_FAST_MATH = YES;
				SDKROOT = iphoneos;
				SWIFT_COMPILATION_MODE = wholemodule;
				SWIFT_OPTIMIZATION_LEVEL = "-O";
				VALIDATE_PRODUCT = YES;
			};
			name = Release;
		};
		4C81AB002A051BEB0095D519 /* Debug */ = {
			isa = XCBuildConfiguration;
			buildSettings = {
				ASSETCATALOG_COMPILER_APPICON_NAME = AppIcon;
				ASSETCATALOG_COMPILER_GLOBAL_ACCENT_COLOR_NAME = AccentColor;
				CODE_SIGN_STYLE = Automatic;
				CURRENT_PROJECT_VERSION = 1;
				DEVELOPMENT_ASSET_PATHS = "\"OpenFitnessTracker/Preview Content\"";
				ENABLE_PREVIEWS = YES;
				GENERATE_INFOPLIST_FILE = YES;
				INFOPLIST_KEY_UIApplicationSceneManifest_Generation = YES;
				INFOPLIST_KEY_UIApplicationSupportsIndirectInputEvents = YES;
				INFOPLIST_KEY_UILaunchScreen_Generation = YES;
				INFOPLIST_KEY_UISupportedInterfaceOrientations_iPad = "UIInterfaceOrientationPortrait UIInterfaceOrientationPortraitUpsideDown UIInterfaceOrientationLandscapeLeft UIInterfaceOrientationLandscapeRight";
				INFOPLIST_KEY_UISupportedInterfaceOrientations_iPhone = "UIInterfaceOrientationPortrait UIInterfaceOrientationLandscapeLeft UIInterfaceOrientationLandscapeRight";
				LD_RUNPATH_SEARCH_PATHS = (
					"$(inherited)",
					"@executable_path/Frameworks",
				);
				MARKETING_VERSION = 0.0.2;
				PRODUCT_BUNDLE_IDENTIFIER = de.kantagonist.OpenFitnessTracker;
				PRODUCT_NAME = "$(TARGET_NAME)";
				SWIFT_EMIT_LOC_STRINGS = YES;
				SWIFT_VERSION = 5.0;
				TARGETED_DEVICE_FAMILY = "1,2";
			};
			name = Debug;
		};
		4C81AB012A051BEB0095D519 /* Release */ = {
			isa = XCBuildConfiguration;
			buildSettings = {
				ASSETCATALOG_COMPILER_APPICON_NAME = AppIcon;
				ASSETCATALOG_COMPILER_GLOBAL_ACCENT_COLOR_NAME = AccentColor;
				CODE_SIGN_STYLE = Automatic;
				CURRENT_PROJECT_VERSION = 1;
				DEVELOPMENT_ASSET_PATHS = "\"OpenFitnessTracker/Preview Content\"";
				ENABLE_PREVIEWS = YES;
				GENERATE_INFOPLIST_FILE = YES;
				INFOPLIST_KEY_UIApplicationSceneManifest_Generation = YES;
				INFOPLIST_KEY_UIApplicationSupportsIndirectInputEvents = YES;
				INFOPLIST_KEY_UILaunchScreen_Generation = YES;
				INFOPLIST_KEY_UISupportedInterfaceOrientations_iPad = "UIInterfaceOrientationPortrait UIInterfaceOrientationPortraitUpsideDown UIInterfaceOrientationLandscapeLeft UIInterfaceOrientationLandscapeRight";
				INFOPLIST_KEY_UISupportedInterfaceOrientations_iPhone = "UIInterfaceOrientationPortrait UIInterfaceOrientationLandscapeLeft UIInterfaceOrientationLandscapeRight";
				LD_RUNPATH_SEARCH_PATHS = (
					"$(inherited)",
					"@executable_path/Frameworks",
				);
				MARKETING_VERSION = 0.0.2;
				PRODUCT_BUNDLE_IDENTIFIER = de.kantagonist.OpenFitnessTracker;
				PRODUCT_NAME = "$(TARGET_NAME)";
				SWIFT_EMIT_LOC_STRINGS = YES;
				SWIFT_VERSION = 5.0;
				TARGETED_DEVICE_FAMILY = "1,2";
			};
			name = Release;
		};
		4C81AB032A051BEB0095D519 /* Debug */ = {
			isa = XCBuildConfiguration;
			buildSettings = {
				ALWAYS_EMBED_SWIFT_STANDARD_LIBRARIES = YES;
				BUNDLE_LOADER = "$(TEST_HOST)";
				CODE_SIGN_STYLE = Automatic;
				CURRENT_PROJECT_VERSION = 1;
				GENERATE_INFOPLIST_FILE = YES;
				IPHONEOS_DEPLOYMENT_TARGET = 16.2;
				MARKETING_VERSION = 1.0;
				PRODUCT_BUNDLE_IDENTIFIER = de.kantagonist.OpenFitnessTrackerTests;
				PRODUCT_NAME = "$(TARGET_NAME)";
				SWIFT_EMIT_LOC_STRINGS = NO;
				SWIFT_VERSION = 5.0;
				TARGETED_DEVICE_FAMILY = "1,2";
				TEST_HOST = "$(BUILT_PRODUCTS_DIR)/OpenFitnessTracker.app/$(BUNDLE_EXECUTABLE_FOLDER_PATH)/OpenFitnessTracker";
			};
			name = Debug;
		};
		4C81AB042A051BEB0095D519 /* Release */ = {
			isa = XCBuildConfiguration;
			buildSettings = {
				ALWAYS_EMBED_SWIFT_STANDARD_LIBRARIES = YES;
				BUNDLE_LOADER = "$(TEST_HOST)";
				CODE_SIGN_STYLE = Automatic;
				CURRENT_PROJECT_VERSION = 1;
				GENERATE_INFOPLIST_FILE = YES;
				IPHONEOS_DEPLOYMENT_TARGET = 16.2;
				MARKETING_VERSION = 1.0;
				PRODUCT_BUNDLE_IDENTIFIER = de.kantagonist.OpenFitnessTrackerTests;
				PRODUCT_NAME = "$(TARGET_NAME)";
				SWIFT_EMIT_LOC_STRINGS = NO;
				SWIFT_VERSION = 5.0;
				TARGETED_DEVICE_FAMILY = "1,2";
				TEST_HOST = "$(BUILT_PRODUCTS_DIR)/OpenFitnessTracker.app/$(BUNDLE_EXECUTABLE_FOLDER_PATH)/OpenFitnessTracker";
			};
			name = Release;
		};
		4C81AB062A051BEB0095D519 /* Debug */ = {
			isa = XCBuildConfiguration;
			buildSettings = {
				ALWAYS_EMBED_SWIFT_STANDARD_LIBRARIES = YES;
				CODE_SIGN_STYLE = Automatic;
				CURRENT_PROJECT_VERSION = 1;
				GENERATE_INFOPLIST_FILE = YES;
				MARKETING_VERSION = 1.0;
				PRODUCT_BUNDLE_IDENTIFIER = de.kantagonist.OpenFitnessTrackerUITests;
				PRODUCT_NAME = "$(TARGET_NAME)";
				SWIFT_EMIT_LOC_STRINGS = NO;
				SWIFT_VERSION = 5.0;
				TARGETED_DEVICE_FAMILY = "1,2";
				TEST_TARGET_NAME = OpenFitnessTracker;
			};
			name = Debug;
		};
		4C81AB072A051BEB0095D519 /* Release */ = {
			isa = XCBuildConfiguration;
			buildSettings = {
				ALWAYS_EMBED_SWIFT_STANDARD_LIBRARIES = YES;
				CODE_SIGN_STYLE = Automatic;
				CURRENT_PROJECT_VERSION = 1;
				GENERATE_INFOPLIST_FILE = YES;
				MARKETING_VERSION = 1.0;
				PRODUCT_BUNDLE_IDENTIFIER = de.kantagonist.OpenFitnessTrackerUITests;
				PRODUCT_NAME = "$(TARGET_NAME)";
				SWIFT_EMIT_LOC_STRINGS = NO;
				SWIFT_VERSION = 5.0;
				TARGETED_DEVICE_FAMILY = "1,2";
				TEST_TARGET_NAME = OpenFitnessTracker;
			};
			name = Release;
		};
/* End XCBuildConfiguration section */

/* Begin XCConfigurationList section */
		4C81AAD62A051BEA0095D519 /* Build configuration list for PBXProject "OpenFitnessTracker" */ = {
			isa = XCConfigurationList;
			buildConfigurations = (
				4C81AAFD2A051BEB0095D519 /* Debug */,
				4C81AAFE2A051BEB0095D519 /* Release */,
			);
			defaultConfigurationIsVisible = 0;
			defaultConfigurationName = Release;
		};
		4C81AAFF2A051BEB0095D519 /* Build configuration list for PBXNativeTarget "OpenFitnessTracker" */ = {
			isa = XCConfigurationList;
			buildConfigurations = (
				4C81AB002A051BEB0095D519 /* Debug */,
				4C81AB012A051BEB0095D519 /* Release */,
			);
			defaultConfigurationIsVisible = 0;
			defaultConfigurationName = Release;
		};
		4C81AB022A051BEB0095D519 /* Build configuration list for PBXNativeTarget "OpenFitnessTrackerTests" */ = {
			isa = XCConfigurationList;
			buildConfigurations = (
				4C81AB032A051BEB0095D519 /* Debug */,
				4C81AB042A051BEB0095D519 /* Release */,
			);
			defaultConfigurationIsVisible = 0;
			defaultConfigurationName = Release;
		};
		4C81AB052A051BEB0095D519 /* Build configuration list for PBXNativeTarget "OpenFitnessTrackerUITests" */ = {
			isa = XCConfigurationList;
			buildConfigurations = (
				4C81AB062A051BEB0095D519 /* Debug */,
				4C81AB072A051BEB0095D519 /* Release */,
			);
			defaultConfigurationIsVisible = 0;
			defaultConfigurationName = Release;
		};
/* End XCConfigurationList section */
	};
	rootObject = 4C81AAD32A051BEA0095D519 /* Project object */;
}
